
Microsoft Visual Studio Solution File, Format Version 12.00
# Visual Studio Version 17
VisualStudioVersion = 17.3.32819.101
MinimumVisualStudioVersion = 10.0.40219.1
Project("{FAE04EC0-301F-11D3-BF4B-00C04F79EFBC}") = "provspel", "provspel.csproj", "{157249EC-136B-4ADC-9F1A-426745957EBC}"
EndProject
Global
	GlobalSection(SolutionConfigurationPlatforms) = preSolution
		Debug|Any CPU = Debug|Any CPU
		Release|Any CPU = Release|Any CPU
	EndGlobalSection
	GlobalSection(ProjectConfigurationPlatforms) = postSolution
		{157249EC-136B-4ADC-9F1A-426745957EBC}.Debug|Any CPU.ActiveCfg = Debug|Any CPU
		{157249EC-136B-4ADC-9F1A-426745957EBC}.Debug|Any CPU.Build.0 = Debug|Any CPU
		{157249EC-136B-4ADC-9F1A-426745957EBC}.Release|Any CPU.ActiveCfg = Release|Any CPU
		{157249EC-136B-4ADC-9F1A-426745957EBC}.Release|Any CPU.Build.0 = Release|Any CPU
	EndGlobalSection
	GlobalSection(SolutionProperties) = preSolution
		HideSolutionNode = FALSE
	EndGlobalSection
	GlobalSection(ExtensibilityGlobals) = postSolution
		SolutionGuid = {50621A31-19FB-4E7F-B78E-D36A9608EDC1}
	EndGlobalSection
EndGlobal
